// !$*UTF8*$!
{
	archiveVersion = 1;
	classes = {
	};
	objectVersion = 46;
	objects = {

/* Begin PBXBuildFile section */
		6BD00CC41745E1F800BCBE7F /* Record.m in Sources */ = {isa = PBXBuildFile; fileRef = 6BD00CC31745E1F800BCBE7F /* Record.m */; };
		6BDC777C1744BE850002E4AF /* AopCache.m in Sources */ = {isa = PBXBuildFile; fileRef = 6BDC777B1744BE850002E4AF /* AopCache.m */; };
		6BDC777F1744C44B0002E4AF /* RecordObject.m in Sources */ = {isa = PBXBuildFile; fileRef = 6BDC777E1744C44B0002E4AF /* RecordObject.m */; };
		6BDC77821744C75C0002E4AF /* LRUController.m in Sources */ = {isa = PBXBuildFile; fileRef = 6BDC77811744C75C0002E4AF /* LRUController.m */; };
		6BDC77851744CBF60002E4AF /* BaseVisitor.m in Sources */ = {isa = PBXBuildFile; fileRef = 6BDC77841744CBF60002E4AF /* BaseVisitor.m */; };
		6BDE23EF174DFA4F008D653A /* TestResObj.m in Sources */ = {isa = PBXBuildFile; fileRef = 6BDE23EE174DFA4F008D653A /* TestResObj.m */; };
		6BDF62331741CE54001A85CD /* UIKit.framework in Frameworks */ = {isa = PBXBuildFile; fileRef = 6BDF62321741CE54001A85CD /* UIKit.framework */; };
		6BDF62351741CE54001A85CD /* Foundation.framework in Frameworks */ = {isa = PBXBuildFile; fileRef = 6BDF62341741CE54001A85CD /* Foundation.framework */; };
		6BDF62371741CE54001A85CD /* CoreGraphics.framework in Frameworks */ = {isa = PBXBuildFile; fileRef = 6BDF62361741CE54001A85CD /* CoreGraphics.framework */; };
		6BDF62391741CE54001A85CD /* CoreData.framework in Frameworks */ = {isa = PBXBuildFile; fileRef = 6BDF62381741CE54001A85CD /* CoreData.framework */; };
		6BDF623F1741CE55001A85CD /* InfoPlist.strings in Resources */ = {isa = PBXBuildFile; fileRef = 6BDF623D1741CE55001A85CD /* InfoPlist.strings */; };
		6BDF62411741CE55001A85CD /* main.m in Sources */ = {isa = PBXBuildFile; fileRef = 6BDF62401741CE55001A85CD /* main.m */; };
		6BDF62451741CE55001A85CD /* AppDelegate.m in Sources */ = {isa = PBXBuildFile; fileRef = 6BDF62441741CE55001A85CD /* AppDelegate.m */; };
		6BDF62471741CE55001A85CD /* Default.png in Resources */ = {isa = PBXBuildFile; fileRef = 6BDF62461741CE55001A85CD /* Default.png */; };
		6BDF62491741CE55001A85CD /* Default@2x.png in Resources */ = {isa = PBXBuildFile; fileRef = 6BDF62481741CE55001A85CD /* Default@2x.png */; };
		6BDF624B1741CE55001A85CD /* Default-568h@2x.png in Resources */ = {isa = PBXBuildFile; fileRef = 6BDF624A1741CE55001A85CD /* Default-568h@2x.png */; };
		6BDF624E1741CE55001A85CD /* DBM.xcdatamodeld in Sources */ = {isa = PBXBuildFile; fileRef = 6BDF624C1741CE55001A85CD /* DBM.xcdatamodeld */; };
		6BDF62581741CE97001A85CD /* RepetitionSys.db in Resources */ = {isa = PBXBuildFile; fileRef = 6BDF62561741CE97001A85CD /* RepetitionSys.db */; };
		6BDF62591741CE97001A85CD /* usr.db in Resources */ = {isa = PBXBuildFile; fileRef = 6BDF62571741CE97001A85CD /* usr.db */; };
		6BDF625B1741CEA2001A85CD /* libsqlite3.0.dylib in Frameworks */ = {isa = PBXBuildFile; fileRef = 6BDF625A1741CEA2001A85CD /* libsqlite3.0.dylib */; };
		6BDF625E1741CEE9001A85CD /* DBManagerInstance.m in Sources */ = {isa = PBXBuildFile; fileRef = 6BDF625D1741CEE9001A85CD /* DBManagerInstance.m */; };
		6BDF62611741CFB7001A85CD /* DataTypeParser.m in Sources */ = {isa = PBXBuildFile; fileRef = 6BDF62601741CFB7001A85CD /* DataTypeParser.m */; };
		6BDF62641741D0C6001A85CD /* DOMMethods.m in Sources */ = {isa = PBXBuildFile; fileRef = 6BDF62631741D0C6001A85CD /* DOMMethods.m */; };
		6BDF62671741D8E6001A85CD /* ErrorManager.m in Sources */ = {isa = PBXBuildFile; fileRef = 6BDF62661741D8E6001A85CD /* ErrorManager.m */; };
		6BDF62771741E058001A85CD /* FMDatabase.m in Sources */ = {isa = PBXBuildFile; fileRef = 6BDF626D1741E058001A85CD /* FMDatabase.m */; };
		6BDF62781741E058001A85CD /* FMDatabaseAdditions.m in Sources */ = {isa = PBXBuildFile; fileRef = 6BDF626F1741E058001A85CD /* FMDatabaseAdditions.m */; };
		6BDF62791741E058001A85CD /* FMDatabasePool.m in Sources */ = {isa = PBXBuildFile; fileRef = 6BDF62711741E058001A85CD /* FMDatabasePool.m */; };
		6BDF627A1741E058001A85CD /* FMDatabaseQueue.m in Sources */ = {isa = PBXBuildFile; fileRef = 6BDF62731741E058001A85CD /* FMDatabaseQueue.m */; };
		6BDF627C1741E058001A85CD /* FMResultSet.m in Sources */ = {isa = PBXBuildFile; fileRef = 6BDF62761741E058001A85CD /* FMResultSet.m */; };
		6BDF627F1741EACC001A85CD /* BasePO.m in Sources */ = {isa = PBXBuildFile; fileRef = 6BDF627E1741EACC001A85CD /* BasePO.m */; };
		6BDF62841742327F001A85CD /* usr_UnitPO.m in Sources */ = {isa = PBXBuildFile; fileRef = 6BDF62831742327F001A85CD /* usr_UnitPO.m */; };
		6BDF6287174235E7001A85CD /* UnitDAO.m in Sources */ = {isa = PBXBuildFile; fileRef = 6BDF6286174235E7001A85CD /* UnitDAO.m */; };
		6BDF6289174237CA001A85CD /* libxml2.dylib in Frameworks */ = {isa = PBXBuildFile; fileRef = 6BDF6288174237C9001A85CD /* libxml2.dylib */; };
		6BDF628B174237F3001A85CD /* SystemConfiguration.framework in Frameworks */ = {isa = PBXBuildFile; fileRef = 6BDF628A174237F3001A85CD /* SystemConfiguration.framework */; };
		6BDF628E17424660001A85CD /* dao_po_list.plist in Resources */ = {isa = PBXBuildFile; fileRef = 6BDF628C17424660001A85CD /* dao_po_list.plist */; };
		6BDF628F17424660001A85CD /* data_map_list.plist in Resources */ = {isa = PBXBuildFile; fileRef = 6BDF628D17424660001A85CD /* data_map_list.plist */; };
		6BE6957D174CB5B4001CFA43 /* ViewController.m in Sources */ = {isa = PBXBuildFile; fileRef = 6BE6957B174CB5B2001CFA43 /* ViewController.m */; };
		6BE6957E174CB5B4001CFA43 /* ViewController.xib in Resources */ = {isa = PBXBuildFile; fileRef = 6BE6957C174CB5B3001CFA43 /* ViewController.xib */; };
		6BEC4DF9174A21480020E62B /* TestPO.m in Sources */ = {isa = PBXBuildFile; fileRef = 6BEC4DF8174A21470020E62B /* TestPO.m */; };
/* End PBXBuildFile section */

/* Begin PBXFileReference section */
		6BD00CBF1745DA0600BCBE7F /* RecordObject+Friend.h */ = {isa = PBXFileReference; fileEncoding = 4; lastKnownFileType = sourcecode.c.h; path = "RecordObject+Friend.h"; sourceTree = "<group>"; };
		6BD00CC21745E1F700BCBE7F /* Record.h */ = {isa = PBXFileReference; fileEncoding = 4; lastKnownFileType = sourcecode.c.h; path = Record.h; sourceTree = "<group>"; };
		6BD00CC31745E1F800BCBE7F /* Record.m */ = {isa = PBXFileReference; fileEncoding = 4; lastKnownFileType = sourcecode.c.objc; path = Record.m; sourceTree = "<group>"; };
		6BDC777A1744BE850002E4AF /* AopCache.h */ = {isa = PBXFileReference; fileEncoding = 4; lastKnownFileType = sourcecode.c.h; path = AopCache.h; sourceTree = "<group>"; };
		6BDC777B1744BE850002E4AF /* AopCache.m */ = {isa = PBXFileReference; fileEncoding = 4; lastKnownFileType = sourcecode.c.objc; path = AopCache.m; sourceTree = "<group>"; };
		6BDC777D1744C44B0002E4AF /* RecordObject.h */ = {isa = PBXFileReference; fileEncoding = 4; lastKnownFileType = sourcecode.c.h; path = RecordObject.h; sourceTree = "<group>"; };
		6BDC777E1744C44B0002E4AF /* RecordObject.m */ = {isa = PBXFileReference; fileEncoding = 4; lastKnownFileType = sourcecode.c.objc; path = RecordObject.m; sourceTree = "<group>"; };
		6BDC77801744C75C0002E4AF /* LRUController.h */ = {isa = PBXFileReference; fileEncoding = 4; lastKnownFileType = sourcecode.c.h; path = LRUController.h; sourceTree = "<group>"; };
		6BDC77811744C75C0002E4AF /* LRUController.m */ = {isa = PBXFileReference; fileEncoding = 4; lastKnownFileType = sourcecode.c.objc; path = LRUController.m; sourceTree = "<group>"; };
		6BDC77831744CBF60002E4AF /* BaseVisitor.h */ = {isa = PBXFileReference; fileEncoding = 4; lastKnownFileType = sourcecode.c.h; path = BaseVisitor.h; sourceTree = "<group>"; };
		6BDC77841744CBF60002E4AF /* BaseVisitor.m */ = {isa = PBXFileReference; fileEncoding = 4; lastKnownFileType = sourcecode.c.objc; path = BaseVisitor.m; sourceTree = "<group>"; };
		6BDE23ED174DFA4E008D653A /* TestResObj.h */ = {isa = PBXFileReference; fileEncoding = 4; lastKnownFileType = sourcecode.c.h; path = TestResObj.h; sourceTree = "<group>"; };
		6BDE23EE174DFA4F008D653A /* TestResObj.m */ = {isa = PBXFileReference; fileEncoding = 4; lastKnownFileType = sourcecode.c.objc; path = TestResObj.m; sourceTree = "<group>"; };
		6BDF622F1741CE54001A85CD /* DBM.app */ = {isa = PBXFileReference; explicitFileType = wrapper.application; includeInIndex = 0; path = DBM.app; sourceTree = BUILT_PRODUCTS_DIR; };
		6BDF62321741CE54001A85CD /* UIKit.framework */ = {isa = PBXFileReference; lastKnownFileType = wrapper.framework; name = UIKit.framework; path = System/Library/Frameworks/UIKit.framework; sourceTree = SDKROOT; };
		6BDF62341741CE54001A85CD /* Foundation.framework */ = {isa = PBXFileReference; lastKnownFileType = wrapper.framework; name = Foundation.framework; path = System/Library/Frameworks/Foundation.framework; sourceTree = SDKROOT; };
		6BDF62361741CE54001A85CD /* CoreGraphics.framework */ = {isa = PBXFileReference; lastKnownFileType = wrapper.framework; name = CoreGraphics.framework; path = System/Library/Frameworks/CoreGraphics.framework; sourceTree = SDKROOT; };
		6BDF62381741CE54001A85CD /* CoreData.framework */ = {isa = PBXFileReference; lastKnownFileType = wrapper.framework; name = CoreData.framework; path = System/Library/Frameworks/CoreData.framework; sourceTree = SDKROOT; };
		6BDF623C1741CE55001A85CD /* DBM-Info.plist */ = {isa = PBXFileReference; lastKnownFileType = text.plist.xml; path = "DBM-Info.plist"; sourceTree = "<group>"; };
		6BDF623E1741CE55001A85CD /* en */ = {isa = PBXFileReference; lastKnownFileType = text.plist.strings; name = en; path = en.lproj/InfoPlist.strings; sourceTree = "<group>"; };
		6BDF62401741CE55001A85CD /* main.m */ = {isa = PBXFileReference; lastKnownFileType = sourcecode.c.objc; path = main.m; sourceTree = "<group>"; };
		6BDF62421741CE55001A85CD /* DBM-Prefix.pch */ = {isa = PBXFileReference; lastKnownFileType = sourcecode.c.h; path = "DBM-Prefix.pch"; sourceTree = "<group>"; };
		6BDF62431741CE55001A85CD /* AppDelegate.h */ = {isa = PBXFileReference; lastKnownFileType = sourcecode.c.h; path = AppDelegate.h; sourceTree = "<group>"; };
		6BDF62441741CE55001A85CD /* AppDelegate.m */ = {isa = PBXFileReference; lastKnownFileType = sourcecode.c.objc; path = AppDelegate.m; sourceTree = "<group>"; };
		6BDF62461741CE55001A85CD /* Default.png */ = {isa = PBXFileReference; lastKnownFileType = image.png; path = Default.png; sourceTree = "<group>"; };
		6BDF62481741CE55001A85CD /* Default@2x.png */ = {isa = PBXFileReference; lastKnownFileType = image.png; path = "Default@2x.png"; sourceTree = "<group>"; };
		6BDF624A1741CE55001A85CD /* Default-568h@2x.png */ = {isa = PBXFileReference; lastKnownFileType = image.png; path = "Default-568h@2x.png"; sourceTree = "<group>"; };
		6BDF624D1741CE55001A85CD /* DBM.xcdatamodel */ = {isa = PBXFileReference; lastKnownFileType = wrapper.xcdatamodel; path = DBM.xcdatamodel; sourceTree = "<group>"; };
		6BDF62561741CE97001A85CD /* RepetitionSys.db */ = {isa = PBXFileReference; lastKnownFileType = file; path = RepetitionSys.db; sourceTree = "<group>"; };
		6BDF62571741CE97001A85CD /* usr.db */ = {isa = PBXFileReference; lastKnownFileType = file; path = usr.db; sourceTree = "<group>"; };
		6BDF625A1741CEA2001A85CD /* libsqlite3.0.dylib */ = {isa = PBXFileReference; lastKnownFileType = "compiled.mach-o.dylib"; name = libsqlite3.0.dylib; path = usr/lib/libsqlite3.0.dylib; sourceTree = SDKROOT; };
		6BDF625C1741CEE9001A85CD /* DBManagerInstance.h */ = {isa = PBXFileReference; fileEncoding = 4; lastKnownFileType = sourcecode.c.h; path = DBManagerInstance.h; sourceTree = "<group>"; };
		6BDF625D1741CEE9001A85CD /* DBManagerInstance.m */ = {isa = PBXFileReference; fileEncoding = 4; lastKnownFileType = sourcecode.c.objc; path = DBManagerInstance.m; sourceTree = "<group>"; };
		6BDF625F1741CFB7001A85CD /* DataTypeParser.h */ = {isa = PBXFileReference; fileEncoding = 4; lastKnownFileType = sourcecode.c.h; path = DataTypeParser.h; sourceTree = "<group>"; };
		6BDF62601741CFB7001A85CD /* DataTypeParser.m */ = {isa = PBXFileReference; fileEncoding = 4; lastKnownFileType = sourcecode.c.objc; path = DataTypeParser.m; sourceTree = "<group>"; };
		6BDF62621741D0C6001A85CD /* DOMMethods.h */ = {isa = PBXFileReference; fileEncoding = 4; lastKnownFileType = sourcecode.c.h; path = DOMMethods.h; sourceTree = "<group>"; };
		6BDF62631741D0C6001A85CD /* DOMMethods.m */ = {isa = PBXFileReference; fileEncoding = 4; lastKnownFileType = sourcecode.c.objc; path = DOMMethods.m; sourceTree = "<group>"; };
		6BDF62651741D8E6001A85CD /* ErrorManager.h */ = {isa = PBXFileReference; fileEncoding = 4; lastKnownFileType = sourcecode.c.h; path = ErrorManager.h; sourceTree = "<group>"; };
		6BDF62661741D8E6001A85CD /* ErrorManager.m */ = {isa = PBXFileReference; fileEncoding = 4; lastKnownFileType = sourcecode.c.objc; path = ErrorManager.m; sourceTree = "<group>"; };
		6BDF626C1741E058001A85CD /* FMDatabase.h */ = {isa = PBXFileReference; fileEncoding = 4; lastKnownFileType = sourcecode.c.h; path = FMDatabase.h; sourceTree = "<group>"; };
		6BDF626D1741E058001A85CD /* FMDatabase.m */ = {isa = PBXFileReference; fileEncoding = 4; lastKnownFileType = sourcecode.c.objc; path = FMDatabase.m; sourceTree = "<group>"; };
		6BDF626E1741E058001A85CD /* FMDatabaseAdditions.h */ = {isa = PBXFileReference; fileEncoding = 4; lastKnownFileType = sourcecode.c.h; path = FMDatabaseAdditions.h; sourceTree = "<group>"; };
		6BDF626F1741E058001A85CD /* FMDatabaseAdditions.m */ = {isa = PBXFileReference; fileEncoding = 4; lastKnownFileType = sourcecode.c.objc; path = FMDatabaseAdditions.m; sourceTree = "<group>"; };
		6BDF62701741E058001A85CD /* FMDatabasePool.h */ = {isa = PBXFileReference; fileEncoding = 4; lastKnownFileType = sourcecode.c.h; path = FMDatabasePool.h; sourceTree = "<group>"; };
		6BDF62711741E058001A85CD /* FMDatabasePool.m */ = {isa = PBXFileReference; fileEncoding = 4; lastKnownFileType = sourcecode.c.objc; path = FMDatabasePool.m; sourceTree = "<group>"; };
		6BDF62721741E058001A85CD /* FMDatabaseQueue.h */ = {isa = PBXFileReference; fileEncoding = 4; lastKnownFileType = sourcecode.c.h; path = FMDatabaseQueue.h; sourceTree = "<group>"; };
		6BDF62731741E058001A85CD /* FMDatabaseQueue.m */ = {isa = PBXFileReference; fileEncoding = 4; lastKnownFileType = sourcecode.c.objc; path = FMDatabaseQueue.m; sourceTree = "<group>"; };
		6BDF62751741E058001A85CD /* FMResultSet.h */ = {isa = PBXFileReference; fileEncoding = 4; lastKnownFileType = sourcecode.c.h; path = FMResultSet.h; sourceTree = "<group>"; };
		6BDF62761741E058001A85CD /* FMResultSet.m */ = {isa = PBXFileReference; fileEncoding = 4; lastKnownFileType = sourcecode.c.objc; path = FMResultSet.m; sourceTree = "<group>"; };
		6BDF627D1741EACB001A85CD /* BasePO.h */ = {isa = PBXFileReference; fileEncoding = 4; lastKnownFileType = sourcecode.c.h; path = BasePO.h; sourceTree = "<group>"; };
		6BDF627E1741EACC001A85CD /* BasePO.m */ = {isa = PBXFileReference; fileEncoding = 4; lastKnownFileType = sourcecode.c.objc; path = BasePO.m; sourceTree = "<group>"; };
		6BDF62821742327F001A85CD /* usr_UnitPO.h */ = {isa = PBXFileReference; fileEncoding = 4; lastKnownFileType = sourcecode.c.h; path = usr_UnitPO.h; sourceTree = "<group>"; };
		6BDF62831742327F001A85CD /* usr_UnitPO.m */ = {isa = PBXFileReference; fileEncoding = 4; lastKnownFileType = sourcecode.c.objc; path = usr_UnitPO.m; sourceTree = "<group>"; };
		6BDF6285174235E7001A85CD /* UnitDAO.h */ = {isa = PBXFileReference; fileEncoding = 4; lastKnownFileType = sourcecode.c.h; path = UnitDAO.h; sourceTree = "<group>"; };
		6BDF6286174235E7001A85CD /* UnitDAO.m */ = {isa = PBXFileReference; fileEncoding = 4; lastKnownFileType = sourcecode.c.objc; path = UnitDAO.m; sourceTree = "<group>"; };
		6BDF6288174237C9001A85CD /* libxml2.dylib */ = {isa = PBXFileReference; lastKnownFileType = "compiled.mach-o.dylib"; name = libxml2.dylib; path = usr/lib/libxml2.dylib; sourceTree = SDKROOT; };
		6BDF628A174237F3001A85CD /* SystemConfiguration.framework */ = {isa = PBXFileReference; lastKnownFileType = wrapper.framework; name = SystemConfiguration.framework; path = System/Library/Frameworks/SystemConfiguration.framework; sourceTree = SDKROOT; };
		6BDF628C17424660001A85CD /* dao_po_list.plist */ = {isa = PBXFileReference; fileEncoding = 4; lastKnownFileType = text.plist.xml; path = dao_po_list.plist; sourceTree = "<group>"; };
		6BDF628D17424660001A85CD /* data_map_list.plist */ = {isa = PBXFileReference; fileEncoding = 4; lastKnownFileType = text.plist.xml; path = data_map_list.plist; sourceTree = "<group>"; };
		6BE6957A174CB5B2001CFA43 /* ViewController.h */ = {isa = PBXFileReference; fileEncoding = 4; lastKnownFileType = sourcecode.c.h; path = ViewController.h; sourceTree = "<group>"; };
		6BE6957B174CB5B2001CFA43 /* ViewController.m */ = {isa = PBXFileReference; fileEncoding = 4; lastKnownFileType = sourcecode.c.objc; path = ViewController.m; sourceTree = "<group>"; };
		6BE6957C174CB5B3001CFA43 /* ViewController.xib */ = {isa = PBXFileReference; fileEncoding = 4; lastKnownFileType = file.xib; path = ViewController.xib; sourceTree = "<group>"; };
		6BEC4DF7174A21470020E62B /* TestPO.h */ = {isa = PBXFileReference; fileEncoding = 4; lastKnownFileType = sourcecode.c.h; path = TestPO.h; sourceTree = "<group>"; };
		6BEC4DF8174A21470020E62B /* TestPO.m */ = {isa = PBXFileReference; fileEncoding = 4; lastKnownFileType = sourcecode.c.objc; path = TestPO.m; sourceTree = "<group>"; };
/* End PBXFileReference section */

/* Begin PBXFrameworksBuildPhase section */
		6BDF622C1741CE54001A85CD /* Frameworks */ = {
			isa = PBXFrameworksBuildPhase;
			buildActionMask = 2147483647;
			files = (
				6BDF628B174237F3001A85CD /* SystemConfiguration.framework in Frameworks */,
				6BDF6289174237CA001A85CD /* libxml2.dylib in Frameworks */,
				6BDF625B1741CEA2001A85CD /* libsqlite3.0.dylib in Frameworks */,
				6BDF62331741CE54001A85CD /* UIKit.framework in Frameworks */,
				6BDF62351741CE54001A85CD /* Foundation.framework in Frameworks */,
				6BDF62371741CE54001A85CD /* CoreGraphics.framework in Frameworks */,
				6BDF62391741CE54001A85CD /* CoreData.framework in Frameworks */,
			);
			runOnlyForDeploymentPostprocessing = 0;
		};
/* End PBXFrameworksBuildPhase section */

/* Begin PBXGroup section */
		6BDC77791744BE6D0002E4AF /* AOPCache */ = {
			isa = PBXGroup;
			children = (
				6BDC777A1744BE850002E4AF /* AopCache.h */,
				6BDC777B1744BE850002E4AF /* AopCache.m */,
				6BD00CBF1745DA0600BCBE7F /* RecordObject+Friend.h */,
				6BDC777D1744C44B0002E4AF /* RecordObject.h */,
				6BDC777E1744C44B0002E4AF /* RecordObject.m */,
				6BDC77801744C75C0002E4AF /* LRUController.h */,
				6BDC77811744C75C0002E4AF /* LRUController.m */,
				6BD00CC21745E1F700BCBE7F /* Record.h */,
				6BD00CC31745E1F800BCBE7F /* Record.m */,
				6BDC77831744CBF60002E4AF /* BaseVisitor.h */,
				6BDC77841744CBF60002E4AF /* BaseVisitor.m */,
			);
			path = AOPCache;
			sourceTree = "<group>";
		};
		6BDF62261741CE54001A85CD = {
			isa = PBXGroup;
			children = (
				6BDF623A1741CE54001A85CD /* DBM */,
				6BDF62311741CE54001A85CD /* Frameworks */,
				6BDF62301741CE54001A85CD /* Products */,
			);
			sourceTree = "<group>";
		};
		6BDF62301741CE54001A85CD /* Products */ = {
			isa = PBXGroup;
			children = (
				6BDF622F1741CE54001A85CD /* DBM.app */,
			);
			name = Products;
			sourceTree = "<group>";
		};
		6BDF62311741CE54001A85CD /* Frameworks */ = {
			isa = PBXGroup;
			children = (
				6BDF628A174237F3001A85CD /* SystemConfiguration.framework */,
				6BDF6288174237C9001A85CD /* libxml2.dylib */,
				6BDF625A1741CEA2001A85CD /* libsqlite3.0.dylib */,
				6BDF62321741CE54001A85CD /* UIKit.framework */,
				6BDF62341741CE54001A85CD /* Foundation.framework */,
				6BDF62361741CE54001A85CD /* CoreGraphics.framework */,
				6BDF62381741CE54001A85CD /* CoreData.framework */,
			);
			name = Frameworks;
			sourceTree = "<group>";
		};
		6BDF623A1741CE54001A85CD /* DBM */ = {
			isa = PBXGroup;
			children = (
				6BDC77791744BE6D0002E4AF /* AOPCache */,
				6BDF62551741CE72001A85CD /* dbres */,
				6BDF62681741D93F001A85CD /* data_map */,
				6BDF62541741CE70001A85CD /* SFDBM */,
				6BDF6285174235E7001A85CD /* UnitDAO.h */,
				6BDF6286174235E7001A85CD /* UnitDAO.m */,
				6BEC4DF7174A21470020E62B /* TestPO.h */,
				6BEC4DF8174A21470020E62B /* TestPO.m */,
				6BDF62821742327F001A85CD /* usr_UnitPO.h */,
				6BDF62831742327F001A85CD /* usr_UnitPO.m */,
				6BE6957A174CB5B2001CFA43 /* ViewController.h */,
				6BE6957B174CB5B2001CFA43 /* ViewController.m */,
				6BDE23ED174DFA4E008D653A /* TestResObj.h */,
				6BDE23EE174DFA4F008D653A /* TestResObj.m */,
				6BE6957C174CB5B3001CFA43 /* ViewController.xib */,
				6BDF62431741CE55001A85CD /* AppDelegate.h */,
				6BDF62441741CE55001A85CD /* AppDelegate.m */,
				6BDF624C1741CE55001A85CD /* DBM.xcdatamodeld */,
				6BDF623B1741CE54001A85CD /* Supporting Files */,
			);
			path = DBM;
			sourceTree = "<group>";
		};
		6BDF623B1741CE54001A85CD /* Supporting Files */ = {
			isa = PBXGroup;
			children = (
				6BDF623C1741CE55001A85CD /* DBM-Info.plist */,
				6BDF623D1741CE55001A85CD /* InfoPlist.strings */,
				6BDF62401741CE55001A85CD /* main.m */,
				6BDF62421741CE55001A85CD /* DBM-Prefix.pch */,
				6BDF62461741CE55001A85CD /* Default.png */,
				6BDF62481741CE55001A85CD /* Default@2x.png */,
				6BDF624A1741CE55001A85CD /* Default-568h@2x.png */,
			);
			name = "Supporting Files";
			sourceTree = "<group>";
		};
		6BDF62541741CE70001A85CD /* SFDBM */ = {
			isa = PBXGroup;
			children = (
				6BDF626B1741E058001A85CD /* FMDB */,
				6BDF625C1741CEE9001A85CD /* DBManagerInstance.h */,
				6BDF625D1741CEE9001A85CD /* DBManagerInstance.m */,
				6BDF625F1741CFB7001A85CD /* DataTypeParser.h */,
				6BDF62601741CFB7001A85CD /* DataTypeParser.m */,
				6BDF62621741D0C6001A85CD /* DOMMethods.h */,
				6BDF62631741D0C6001A85CD /* DOMMethods.m */,
				6BDF62651741D8E6001A85CD /* ErrorManager.h */,
				6BDF62661741D8E6001A85CD /* ErrorManager.m */,
				6BDF627D1741EACB001A85CD /* BasePO.h */,
				6BDF627E1741EACC001A85CD /* BasePO.m */,
			);
			path = SFDBM;
			sourceTree = "<group>";
		};
		6BDF62551741CE72001A85CD /* dbres */ = {
			isa = PBXGroup;
			children = (
				6BDF62561741CE97001A85CD /* RepetitionSys.db */,
				6BDF62571741CE97001A85CD /* usr.db */,
			);
			name = dbres;
			sourceTree = "<group>";
		};
		6BDF62681741D93F001A85CD /* data_map */ = {
			isa = PBXGroup;
			children = (
				6BDF628C17424660001A85CD /* dao_po_list.plist */,
				6BDF628D17424660001A85CD /* data_map_list.plist */,
			);
			name = data_map;
			path = SFDBM;
			sourceTree = "<group>";
		};
		6BDF626B1741E058001A85CD /* FMDB */ = {
			isa = PBXGroup;
			children = (
				6BDF626C1741E058001A85CD /* FMDatabase.h */,
				6BDF626D1741E058001A85CD /* FMDatabase.m */,
				6BDF626E1741E058001A85CD /* FMDatabaseAdditions.h */,
				6BDF626F1741E058001A85CD /* FMDatabaseAdditions.m */,
				6BDF62701741E058001A85CD /* FMDatabasePool.h */,
				6BDF62711741E058001A85CD /* FMDatabasePool.m */,
				6BDF62721741E058001A85CD /* FMDatabaseQueue.h */,
				6BDF62731741E058001A85CD /* FMDatabaseQueue.m */,
				6BDF62751741E058001A85CD /* FMResultSet.h */,
				6BDF62761741E058001A85CD /* FMResultSet.m */,
			);
			path = FMDB;
			sourceTree = "<group>";
		};
/* End PBXGroup section */

/* Begin PBXNativeTarget section */
		6BDF622E1741CE54001A85CD /* DBM */ = {
			isa = PBXNativeTarget;
			buildConfigurationList = 6BDF62511741CE55001A85CD /* Build configuration list for PBXNativeTarget "DBM" */;
			buildPhases = (
				6BDF622B1741CE54001A85CD /* Sources */,
				6BDF622C1741CE54001A85CD /* Frameworks */,
				6BDF622D1741CE54001A85CD /* Resources */,
			);
			buildRules = (
			);
			dependencies = (
			);
			name = DBM;
			productName = DBM;
			productReference = 6BDF622F1741CE54001A85CD /* DBM.app */;
			productType = "com.apple.product-type.application";
		};
/* End PBXNativeTarget section */

/* Begin PBXProject section */
		6BDF62271741CE54001A85CD /* Project object */ = {
			isa = PBXProject;
			attributes = {
				LastUpgradeCheck = 0460;
				ORGANIZATIONNAME = Baitian;
			};
			buildConfigurationList = 6BDF622A1741CE54001A85CD /* Build configuration list for PBXProject "DBM" */;
			compatibilityVersion = "Xcode 3.2";
			developmentRegion = English;
			hasScannedForEncodings = 0;
			knownRegions = (
				en,
			);
			mainGroup = 6BDF62261741CE54001A85CD;
			productRefGroup = 6BDF62301741CE54001A85CD /* Products */;
			projectDirPath = "";
			projectRoot = "";
			targets = (
				6BDF622E1741CE54001A85CD /* DBM */,
			);
		};
/* End PBXProject section */

/* Begin PBXResourcesBuildPhase section */
		6BDF622D1741CE54001A85CD /* Resources */ = {
			isa = PBXResourcesBuildPhase;
			buildActionMask = 2147483647;
			files = (
				6BDF623F1741CE55001A85CD /* InfoPlist.strings in Resources */,
				6BDF62471741CE55001A85CD /* Default.png in Resources */,
				6BDF62491741CE55001A85CD /* Default@2x.png in Resources */,
				6BDF624B1741CE55001A85CD /* Default-568h@2x.png in Resources */,
				6BDF62581741CE97001A85CD /* RepetitionSys.db in Resources */,
				6BDF62591741CE97001A85CD /* usr.db in Resources */,
				6BDF628E17424660001A85CD /* dao_po_list.plist in Resources */,
				6BDF628F17424660001A85CD /* data_map_list.plist in Resources */,
				6BE6957E174CB5B4001CFA43 /* ViewController.xib in Resources */,
			);
			runOnlyForDeploymentPostprocessing = 0;
		};
/* End PBXResourcesBuildPhase section */

/* Begin PBXSourcesBuildPhase section */
		6BDF622B1741CE54001A85CD /* Sources */ = {
			isa = PBXSourcesBuildPhase;
			buildActionMask = 2147483647;
			files = (
				6BDF62411741CE55001A85CD /* main.m in Sources */,
				6BDF62451741CE55001A85CD /* AppDelegate.m in Sources */,
				6BDF624E1741CE55001A85CD /* DBM.xcdatamodeld in Sources */,
				6BDF625E1741CEE9001A85CD /* DBManagerInstance.m in Sources */,
				6BDF62611741CFB7001A85CD /* DataTypeParser.m in Sources */,
				6BDF62641741D0C6001A85CD /* DOMMethods.m in Sources */,
				6BDF62671741D8E6001A85CD /* ErrorManager.m in Sources */,
				6BDF62771741E058001A85CD /* FMDatabase.m in Sources */,
				6BDF62781741E058001A85CD /* FMDatabaseAdditions.m in Sources */,
				6BDF62791741E058001A85CD /* FMDatabasePool.m in Sources */,
				6BDF627A1741E058001A85CD /* FMDatabaseQueue.m in Sources */,
				6BDF627C1741E058001A85CD /* FMResultSet.m in Sources */,
				6BDF627F1741EACC001A85CD /* BasePO.m in Sources */,
				6BDF62841742327F001A85CD /* usr_UnitPO.m in Sources */,
				6BDF6287174235E7001A85CD /* UnitDAO.m in Sources */,
				6BDC777C1744BE850002E4AF /* AopCache.m in Sources */,
				6BDC777F1744C44B0002E4AF /* RecordObject.m in Sources */,
				6BDC77821744C75C0002E4AF /* LRUController.m in Sources */,
				6BDC77851744CBF60002E4AF /* BaseVisitor.m in Sources */,
				6BD00CC41745E1F800BCBE7F /* Record.m in Sources */,
				6BEC4DF9174A21480020E62B /* TestPO.m in Sources */,
				6BE6957D174CB5B4001CFA43 /* ViewController.m in Sources */,
				6BDE23EF174DFA4F008D653A /* TestResObj.m in Sources */,
			);
			runOnlyForDeploymentPostprocessing = 0;
		};
/* End PBXSourcesBuildPhase section */

/* Begin PBXVariantGroup section */
		6BDF623D1741CE55001A85CD /* InfoPlist.strings */ = {
			isa = PBXVariantGroup;
			children = (
				6BDF623E1741CE55001A85CD /* en */,
			);
			name = InfoPlist.strings;
			sourceTree = "<group>";
		};
/* End PBXVariantGroup section */

/* Begin XCBuildConfiguration section */
		6BDF624F1741CE55001A85CD /* Debug */ = {
			isa = XCBuildConfiguration;
			buildSettings = {
				ALWAYS_SEARCH_USER_PATHS = NO;
				CLANG_CXX_LANGUAGE_STANDARD = "gnu++0x";
				CLANG_CXX_LIBRARY = "libc++";
				CLANG_WARN_CONSTANT_CONVERSION = YES;
				CLANG_WARN_EMPTY_BODY = YES;
				CLANG_WARN_ENUM_CONVERSION = YES;
				CLANG_WARN_INT_CONVERSION = YES;
				CLANG_WARN__DUPLICATE_METHOD_MATCH = YES;
				"CODE_SIGN_IDENTITY[sdk=iphoneos*]" = "iPhone Developer";
				COPY_PHASE_STRIP = NO;
				GCC_C_LANGUAGE_STANDARD = gnu99;
				GCC_DYNAMIC_NO_PIC = NO;
				GCC_OPTIMIZATION_LEVEL = 0;
				GCC_PREPROCESSOR_DEFINITIONS = (
					"DEBUG=1",
					"$(inherited)",
				);
				GCC_SYMBOLS_PRIVATE_EXTERN = NO;
				GCC_WARN_ABOUT_RETURN_TYPE = YES;
				GCC_WARN_UNINITIALIZED_AUTOS = YES;
				GCC_WARN_UNUSED_VARIABLE = YES;
				IPHONEOS_DEPLOYMENT_TARGET = 6.1;
				ONLY_ACTIVE_ARCH = YES;
				SDKROOT = iphoneos;
				TARGETED_DEVICE_FAMILY = "1,2";
			};
			name = Debug;
		};
		6BDF62501741CE55001A85CD /* Release */ = {
			isa = XCBuildConfiguration;
			buildSettings = {
				ALWAYS_SEARCH_USER_PATHS = NO;
				CLANG_CXX_LANGUAGE_STANDARD = "gnu++0x";
				CLANG_CXX_LIBRARY = "libc++";
				CLANG_WARN_CONSTANT_CONVERSION = YES;
				CLANG_WARN_EMPTY_BODY = YES;
				CLANG_WARN_ENUM_CONVERSION = YES;
				CLANG_WARN_INT_CONVERSION = YES;
				CLANG_WARN__DUPLICATE_METHOD_MATCH = YES;
				"CODE_SIGN_IDENTITY[sdk=iphoneos*]" = "iPhone Developer";
				COPY_PHASE_STRIP = YES;
				GCC_C_LANGUAGE_STANDARD = gnu99;
				GCC_WARN_ABOUT_RETURN_TYPE = YES;
				GCC_WARN_UNINITIALIZED_AUTOS = YES;
				GCC_WARN_UNUSED_VARIABLE = YES;
				IPHONEOS_DEPLOYMENT_TARGET = 6.1;
				OTHER_CFLAGS = "-DNS_BLOCK_ASSERTIONS=1";
				SDKROOT = iphoneos;
				TARGETED_DEVICE_FAMILY = "1,2";
				VALIDATE_PRODUCT = YES;
			};
			name = Release;
		};
		6BDF62521741CE55001A85CD /* Debug */ = {
			isa = XCBuildConfiguration;
			buildSettings = {
				GCC_PRECOMPILE_PREFIX_HEADER = YES;
				GCC_PREFIX_HEADER = "DBM/DBM-Prefix.pch";
				INFOPLIST_FILE = "DBM/DBM-Info.plist";
				PRODUCT_NAME = "$(TARGET_NAME)";
				WRAPPER_EXTENSION = app;
			};
			name = Debug;
		};
		6BDF62531741CE55001A85CD /* Release */ = {
			isa = XCBuildConfiguration;
			buildSettings = {
				GCC_PRECOMPILE_PREFIX_HEADER = YES;
				GCC_PREFIX_HEADER = "DBM/DBM-Prefix.pch";
				INFOPLIST_FILE = "DBM/DBM-Info.plist";
				PRODUCT_NAME = "$(TARGET_NAME)";
				WRAPPER_EXTENSION = app;
			};
			name = Release;
		};
/* End XCBuildConfiguration section */

/* Begin XCConfigurationList section */
		6BDF622A1741CE54001A85CD /* Build configuration list for PBXProject "DBM" */ = {
			isa = XCConfigurationList;
			buildConfigurations = (
				6BDF624F1741CE55001A85CD /* Debug */,
				6BDF62501741CE55001A85CD /* Release */,
			);
			defaultConfigurationIsVisible = 0;
			defaultConfigurationName = Release;
		};
		6BDF62511741CE55001A85CD /* Build configuration list for PBXNativeTarget "DBM" */ = {
			isa = XCConfigurationList;
			buildConfigurations = (
				6BDF62521741CE55001A85CD /* Debug */,
				6BDF62531741CE55001A85CD /* Release */,
			);
			defaultConfigurationIsVisible = 0;
			defaultConfigurationName = Release;
		};
/* End XCConfigurationList section */

/* Begin XCVersionGroup section */
		6BDF624C1741CE55001A85CD /* DBM.xcdatamodeld */ = {
			isa = XCVersionGroup;
			children = (
				6BDF624D1741CE55001A85CD /* DBM.xcdatamodel */,
			);
			currentVersion = 6BDF624D1741CE55001A85CD /* DBM.xcdatamodel */;
			path = DBM.xcdatamodeld;
			sourceTree = "<group>";
			versionGroupType = wrapper.xcdatamodel;
		};
/* End XCVersionGroup section */
	};
	rootObject = 6BDF62271741CE54001A85CD /* Project object */;
}
